
Microsoft Visual Studio Solution File, Format Version 12.00
# Visual Studio 15
VisualStudioVersion = 15.0.28307.168
MinimumVisualStudioVersion = 10.0.40219.1
Project("{FAE04EC0-301F-11D3-BF4B-00C04F79EFBC}") = "week1-1", "week1-1\week1-1.csproj", "{24D15D82-4441-4DE5-8E91-C8811B96E03D}"
EndProject
Global
	GlobalSection(SolutionConfigurationPlatforms) = preSolution
		Debug|Any CPU = Debug|Any CPU
		Release|Any CPU = Release|Any CPU
	EndGlobalSection
	GlobalSection(ProjectConfigurationPlatforms) = postSolution
		{24D15D82-4441-4DE5-8E91-C8811B96E03D}.Debug|Any CPU.ActiveCfg = Debug|Any CPU
		{24D15D82-4441-4DE5-8E91-C8811B96E03D}.Debug|Any CPU.Build.0 = Debug|Any CPU
		{24D15D82-4441-4DE5-8E91-C8811B96E03D}.Release|Any CPU.ActiveCfg = Release|Any CPU
		{24D15D82-4441-4DE5-8E91-C8811B96E03D}.Release|Any CPU.Build.0 = Release|Any CPU
	EndGlobalSection
	GlobalSection(SolutionProperties) = preSolution
		HideSolutionNode = FALSE
	EndGlobalSection
	GlobalSection(ExtensibilityGlobals) = postSolution
		SolutionGuid = {CD20C079-84AB-4C50-9C30-15BD3906BBB0}
	EndGlobalSection
EndGlobal
