
Microsoft Visual Studio Solution File, Format Version 12.00
# Visual Studio 15
VisualStudioVersion = 15.0.28307.168
MinimumVisualStudioVersion = 10.0.40219.1
Project("{FAE04EC0-301F-11D3-BF4B-00C04F79EFBC}") = "week1-1", "week1-1\week1-1.csproj", "{CCC54359-FEF8-4DEE-A956-833F28987208}"
EndProject
Global
	GlobalSection(SolutionConfigurationPlatforms) = preSolution
		Debug|Any CPU = Debug|Any CPU
		Release|Any CPU = Release|Any CPU
	EndGlobalSection
	GlobalSection(ProjectConfigurationPlatforms) = postSolution
		{CCC54359-FEF8-4DEE-A956-833F28987208}.Debug|Any CPU.ActiveCfg = Debug|Any CPU
		{CCC54359-FEF8-4DEE-A956-833F28987208}.Debug|Any CPU.Build.0 = Debug|Any CPU
		{CCC54359-FEF8-4DEE-A956-833F28987208}.Release|Any CPU.ActiveCfg = Release|Any CPU
		{CCC54359-FEF8-4DEE-A956-833F28987208}.Release|Any CPU.Build.0 = Release|Any CPU
	EndGlobalSection
	GlobalSection(SolutionProperties) = preSolution
		HideSolutionNode = FALSE
	EndGlobalSection
	GlobalSection(ExtensibilityGlobals) = postSolution
		SolutionGuid = {A87572F8-36E0-48D4-BE10-7FE04C86517C}
	EndGlobalSection
EndGlobal
